
Microsoft Visual Studio Solution File, Format Version 12.00
# Visual Studio Version 17
VisualStudioVersion = 17.14.36804.6 d17.14
MinimumVisualStudioVersion = 10.0.40219.1
Project("{FAE04EC0-301F-11D3-BF4B-00C04F79EFBC}") = "DIPLOMA_STRATEGY", "DIPLOMA_STRATEGY.csproj", "{3AAC5563-8980-4140-B2E2-1452A0CB4DD3}"
EndProject
Global
	GlobalSection(SolutionConfigurationPlatforms) = preSolution
		Debug|Any CPU = Debug|Any CPU
		Release|Any CPU = Release|Any CPU
	EndGlobalSection
	GlobalSection(ProjectConfigurationPlatforms) = postSolution
		{3AAC5563-8980-4140-B2E2-1452A0CB4DD3}.Debug|Any CPU.ActiveCfg = Debug|Any CPU
		{3AAC5563-8980-4140-B2E2-1452A0CB4DD3}.Debug|Any CPU.Build.0 = Debug|Any CPU
		{3AAC5563-8980-4140-B2E2-1452A0CB4DD3}.Release|Any CPU.ActiveCfg = Release|Any CPU
		{3AAC5563-8980-4140-B2E2-1452A0CB4DD3}.Release|Any CPU.Build.0 = Release|Any CPU
	EndGlobalSection
	GlobalSection(SolutionProperties) = preSolution
		HideSolutionNode = FALSE
	EndGlobalSection
	GlobalSection(ExtensibilityGlobals) = postSolution
		SolutionGuid = {24FAA514-EAD8-443E-BC58-79B8FBA473AA}
	EndGlobalSection
EndGlobal
